
Microsoft Visual Studio Solution File, Format Version 12.00
# Visual Studio Version 17
VisualStudioVersion = 17.8.34330.188
MinimumVisualStudioVersion = 10.0.40219.1
Project("{8BC9CEB8-8B4A-11D0-8D11-00A0C91BC942}") = "New_Year_Chaos_With_Line_Mixer", "New_Year_Chaos_With_Line_Mixer\New_Year_Chaos_With_Line_Mixer.vcxproj", "{5C6A65C7-7D45-4E70-9347-22A9094D8FBC}"
EndProject
Global
	GlobalSection(SolutionConfigurationPlatforms) = preSolution
		Debug|x64 = Debug|x64
		Debug|x86 = Debug|x86
		Release|x64 = Release|x64
		Release|x86 = Release|x86
	EndGlobalSection
	GlobalSection(ProjectConfigurationPlatforms) = postSolution
		{5C6A65C7-7D45-4E70-9347-22A9094D8FBC}.Debug|x64.ActiveCfg = Debug|x64
		{5C6A65C7-7D45-4E70-9347-22A9094D8FBC}.Debug|x64.Build.0 = Debug|x64
		{5C6A65C7-7D45-4E70-9347-22A9094D8FBC}.Debug|x86.ActiveCfg = Debug|Win32
		{5C6A65C7-7D45-4E70-9347-22A9094D8FBC}.Debug|x86.Build.0 = Debug|Win32
		{5C6A65C7-7D45-4E70-9347-22A9094D8FBC}.Release|x64.ActiveCfg = Release|x64
		{5C6A65C7-7D45-4E70-9347-22A9094D8FBC}.Release|x64.Build.0 = Release|x64
		{5C6A65C7-7D45-4E70-9347-22A9094D8FBC}.Release|x86.ActiveCfg = Release|Win32
		{5C6A65C7-7D45-4E70-9347-22A9094D8FBC}.Release|x86.Build.0 = Release|Win32
	EndGlobalSection
	GlobalSection(SolutionProperties) = preSolution
		HideSolutionNode = FALSE
	EndGlobalSection
	GlobalSection(ExtensibilityGlobals) = postSolution
		SolutionGuid = {67BD34B7-94F3-44A9-A3DE-7D488BF72205}
	EndGlobalSection
EndGlobal
